// !$*UTF8*$!
{
	archiveVersion = 1;
	classes = {
	};
	objectVersion = 48;
	objects = {

/* Begin PBXBuildFile section */
		260163F220364ACB0053FA5B /* AppDelegate.swift in Sources */ = {isa = PBXBuildFile; fileRef = 260163F120364ACB0053FA5B /* AppDelegate.swift */; };
		260163F720364ACB0053FA5B /* Main.storyboard in Resources */ = {isa = PBXBuildFile; fileRef = 260163F520364ACB0053FA5B /* Main.storyboard */; };
		260163F920364ACB0053FA5B /* Assets.xcassets in Resources */ = {isa = PBXBuildFile; fileRef = 260163F820364ACB0053FA5B /* Assets.xcassets */; };
		260163FC20364ACB0053FA5B /* LaunchScreen.storyboard in Resources */ = {isa = PBXBuildFile; fileRef = 260163FA20364ACB0053FA5B /* LaunchScreen.storyboard */; };
		2601640420364B060053FA5B /* ReadJSON.swift in Sources */ = {isa = PBXBuildFile; fileRef = 2601640320364B060053FA5B /* ReadJSON.swift */; };
		2601640720364C410053FA5B /* spells.json in Resources */ = {isa = PBXBuildFile; fileRef = 2601640620364C400053FA5B /* spells.json */; };
		2601640920364CBD0053FA5B /* SpellsTableViewController.swift in Sources */ = {isa = PBXBuildFile; fileRef = 2601640820364CBD0053FA5B /* SpellsTableViewController.swift */; };
		2601640B20364D240053FA5B /* Spell.swift in Sources */ = {isa = PBXBuildFile; fileRef = 2601640A20364D240053FA5B /* Spell.swift */; };
		261FE30421FE6B13003CA651 /* ArchitectsDaughter.ttf in Resources */ = {isa = PBXBuildFile; fileRef = 261FE30321FE6B13003CA651 /* ArchitectsDaughter.ttf */; };
		264A4F47203F985600E4BFBF /* SpellDetailViewController.swift in Sources */ = {isa = PBXBuildFile; fileRef = 264A4F46203F985600E4BFBF /* SpellDetailViewController.swift */; };
		265504492113A99100F6C4EF /* DesignOfViews.swift in Sources */ = {isa = PBXBuildFile; fileRef = 265504482113A99100F6C4EF /* DesignOfViews.swift */; };
		2655044B2113AF6200F6C4EF /* Constants.swift in Sources */ = {isa = PBXBuildFile; fileRef = 2655044A2113AF6200F6C4EF /* Constants.swift */; };
		265B97C82263D39B00B8E4A4 /* SpellProducts.swift in Sources */ = {isa = PBXBuildFile; fileRef = 265B97C72263D39B00B8E4A4 /* SpellProducts.swift */; };
		2660BBF420F1769A00F15D7A /* FilterTableViewController.swift in Sources */ = {isa = PBXBuildFile; fileRef = 2660BBF320F1769A00F15D7A /* FilterTableViewController.swift */; };
		2660BBF620F301F900F15D7A /* FilterDetailTableViewController.swift in Sources */ = {isa = PBXBuildFile; fileRef = 2660BBF520F301F900F15D7A /* FilterDetailTableViewController.swift */; };
		26765DDF2255A9BE00568435 /* StoreKit.framework in Frameworks */ = {isa = PBXBuildFile; fileRef = 26765DDE2255A9BE00568435 /* StoreKit.framework */; };
		26765DE12255AAE100568435 /* IAPHelper.swift in Sources */ = {isa = PBXBuildFile; fileRef = 26765DE02255AAE100568435 /* IAPHelper.swift */; };
		269C1AB720462B6400412C7B /* CharacterViewController.swift in Sources */ = {isa = PBXBuildFile; fileRef = 269C1AB620462B6400412C7B /* CharacterViewController.swift */; };
		269C1AB920462C4800412C7B /* AddCharacterViewController.swift in Sources */ = {isa = PBXBuildFile; fileRef = 269C1AB820462C4800412C7B /* AddCharacterViewController.swift */; };
		269C1ABC2047AA3A00412C7B /* SpellTableViewCell.swift in Sources */ = {isa = PBXBuildFile; fileRef = 269C1ABB2047AA3A00412C7B /* SpellTableViewCell.swift */; };
		26C30C1C204B001F00A6E990 /* Character.swift in Sources */ = {isa = PBXBuildFile; fileRef = 26C30C1B204B001F00A6E990 /* Character.swift */; };
		26C30C1E204B1F2800A6E990 /* SpellTabBarController.swift in Sources */ = {isa = PBXBuildFile; fileRef = 26C30C1D204B1F2800A6E990 /* SpellTabBarController.swift */; };
		26F0C363224DAE8100A5C5AA /* AppPurchaseViewController.swift in Sources */ = {isa = PBXBuildFile; fileRef = 26F0C362224DAE8100A5C5AA /* AppPurchaseViewController.swift */; };
/* End PBXBuildFile section */

/* Begin PBXFileReference section */
		260163EE20364ACB0053FA5B /* 5e Spells.app */ = {isa = PBXFileReference; explicitFileType = wrapper.application; includeInIndex = 0; path = "5e Spells.app"; sourceTree = BUILT_PRODUCTS_DIR; };
		260163F120364ACB0053FA5B /* AppDelegate.swift */ = {isa = PBXFileReference; lastKnownFileType = sourcecode.swift; path = AppDelegate.swift; sourceTree = "<group>"; };
		260163F620364ACB0053FA5B /* Base */ = {isa = PBXFileReference; lastKnownFileType = file.storyboard; name = Base; path = Base.lproj/Main.storyboard; sourceTree = "<group>"; };
		260163F820364ACB0053FA5B /* Assets.xcassets */ = {isa = PBXFileReference; lastKnownFileType = folder.assetcatalog; path = Assets.xcassets; sourceTree = "<group>"; };
		260163FB20364ACB0053FA5B /* Base */ = {isa = PBXFileReference; lastKnownFileType = file.storyboard; name = Base; path = Base.lproj/LaunchScreen.storyboard; sourceTree = "<group>"; };
		260163FD20364ACB0053FA5B /* Info.plist */ = {isa = PBXFileReference; lastKnownFileType = text.plist.xml; path = Info.plist; sourceTree = "<group>"; };
		2601640320364B060053FA5B /* ReadJSON.swift */ = {isa = PBXFileReference; fileEncoding = 4; lastKnownFileType = sourcecode.swift; path = ReadJSON.swift; sourceTree = "<group>"; };
		2601640620364C400053FA5B /* spells.json */ = {isa = PBXFileReference; fileEncoding = 4; lastKnownFileType = text.json; path = spells.json; sourceTree = "<group>"; };
		2601640820364CBD0053FA5B /* SpellsTableViewController.swift */ = {isa = PBXFileReference; lastKnownFileType = sourcecode.swift; path = SpellsTableViewController.swift; sourceTree = "<group>"; };
		2601640A20364D240053FA5B /* Spell.swift */ = {isa = PBXFileReference; lastKnownFileType = sourcecode.swift; path = Spell.swift; sourceTree = "<group>"; };
		261FE30321FE6B13003CA651 /* ArchitectsDaughter.ttf */ = {isa = PBXFileReference; lastKnownFileType = file; path = ArchitectsDaughter.ttf; sourceTree = "<group>"; };
		264A4F46203F985600E4BFBF /* SpellDetailViewController.swift */ = {isa = PBXFileReference; lastKnownFileType = sourcecode.swift; path = SpellDetailViewController.swift; sourceTree = "<group>"; };
		265504482113A99100F6C4EF /* DesignOfViews.swift */ = {isa = PBXFileReference; lastKnownFileType = sourcecode.swift; path = DesignOfViews.swift; sourceTree = "<group>"; };
		2655044A2113AF6200F6C4EF /* Constants.swift */ = {isa = PBXFileReference; lastKnownFileType = sourcecode.swift; path = Constants.swift; sourceTree = "<group>"; };
		265B97C72263D39B00B8E4A4 /* SpellProducts.swift */ = {isa = PBXFileReference; lastKnownFileType = sourcecode.swift; path = SpellProducts.swift; sourceTree = "<group>"; };
		2660BBF320F1769A00F15D7A /* FilterTableViewController.swift */ = {isa = PBXFileReference; lastKnownFileType = sourcecode.swift; path = FilterTableViewController.swift; sourceTree = "<group>"; };
		2660BBF520F301F900F15D7A /* FilterDetailTableViewController.swift */ = {isa = PBXFileReference; lastKnownFileType = sourcecode.swift; path = FilterDetailTableViewController.swift; sourceTree = "<group>"; };
		26765DDE2255A9BE00568435 /* StoreKit.framework */ = {isa = PBXFileReference; lastKnownFileType = wrapper.framework; name = StoreKit.framework; path = System/Library/Frameworks/StoreKit.framework; sourceTree = SDKROOT; };
		26765DE02255AAE100568435 /* IAPHelper.swift */ = {isa = PBXFileReference; lastKnownFileType = sourcecode.swift; path = IAPHelper.swift; sourceTree = "<group>"; };
		269C1AB620462B6400412C7B /* CharacterViewController.swift */ = {isa = PBXFileReference; lastKnownFileType = sourcecode.swift; path = CharacterViewController.swift; sourceTree = "<group>"; };
		269C1AB820462C4800412C7B /* AddCharacterViewController.swift */ = {isa = PBXFileReference; lastKnownFileType = sourcecode.swift; path = AddCharacterViewController.swift; sourceTree = "<group>"; };
		269C1ABB2047AA3A00412C7B /* SpellTableViewCell.swift */ = {isa = PBXFileReference; lastKnownFileType = sourcecode.swift; path = SpellTableViewCell.swift; sourceTree = "<group>"; };
		26C30C1B204B001F00A6E990 /* Character.swift */ = {isa = PBXFileReference; lastKnownFileType = sourcecode.swift; path = Character.swift; sourceTree = "<group>"; };
		26C30C1D204B1F2800A6E990 /* SpellTabBarController.swift */ = {isa = PBXFileReference; lastKnownFileType = sourcecode.swift; path = SpellTabBarController.swift; sourceTree = "<group>"; };
		26F0C362224DAE8100A5C5AA /* AppPurchaseViewController.swift */ = {isa = PBXFileReference; lastKnownFileType = sourcecode.swift; path = AppPurchaseViewController.swift; sourceTree = "<group>"; };
/* End PBXFileReference section */

/* Begin PBXFrameworksBuildPhase section */
		260163EB20364ACB0053FA5B /* Frameworks */ = {
			isa = PBXFrameworksBuildPhase;
			buildActionMask = 2147483647;
			files = (
				26765DDF2255A9BE00568435 /* StoreKit.framework in Frameworks */,
			);
			runOnlyForDeploymentPostprocessing = 0;
		};
/* End PBXFrameworksBuildPhase section */

/* Begin PBXGroup section */
		260163E520364ACB0053FA5B = {
			isa = PBXGroup;
			children = (
				260163F020364ACB0053FA5B /* 5e Spells */,
				260163EF20364ACB0053FA5B /* Products */,
				261FE30221FE6AF7003CA651 /* Font */,
				2601640520364B700053FA5B /* Resources */,
				26765DDD2255A9BE00568435 /* Frameworks */,
			);
			sourceTree = "<group>";
		};
		260163EF20364ACB0053FA5B /* Products */ = {
			isa = PBXGroup;
			children = (
				260163EE20364ACB0053FA5B /* 5e Spells.app */,
			);
			name = Products;
			sourceTree = "<group>";
		};
		260163F020364ACB0053FA5B /* 5e Spells */ = {
			isa = PBXGroup;
			children = (
				260163F120364ACB0053FA5B /* AppDelegate.swift */,
				269C1AB620462B6400412C7B /* CharacterViewController.swift */,
				269C1AB820462C4800412C7B /* AddCharacterViewController.swift */,
				26C30C1B204B001F00A6E990 /* Character.swift */,
				265504482113A99100F6C4EF /* DesignOfViews.swift */,
				2655044A2113AF6200F6C4EF /* Constants.swift */,
				2601640A20364D240053FA5B /* Spell.swift */,
				26C30C1D204B1F2800A6E990 /* SpellTabBarController.swift */,
				2601640820364CBD0053FA5B /* SpellsTableViewController.swift */,
				269C1ABB2047AA3A00412C7B /* SpellTableViewCell.swift */,
				264A4F46203F985600E4BFBF /* SpellDetailViewController.swift */,
				2660BBF320F1769A00F15D7A /* FilterTableViewController.swift */,
				2660BBF520F301F900F15D7A /* FilterDetailTableViewController.swift */,
				26F0C362224DAE8100A5C5AA /* AppPurchaseViewController.swift */,
				26765DE02255AAE100568435 /* IAPHelper.swift */,
				265B97C72263D39B00B8E4A4 /* SpellProducts.swift */,
				260163F520364ACB0053FA5B /* Main.storyboard */,
				260163F820364ACB0053FA5B /* Assets.xcassets */,
				260163FD20364ACB0053FA5B /* Info.plist */,
				260163FA20364ACB0053FA5B /* LaunchScreen.storyboard */,
			);
			path = "5e Spells";
			sourceTree = "<group>";
		};
		2601640520364B700053FA5B /* Resources */ = {
			isa = PBXGroup;
			children = (
				2601640620364C400053FA5B /* spells.json */,
				2601640320364B060053FA5B /* ReadJSON.swift */,
			);
			path = Resources;
			sourceTree = "<group>";
		};
		261FE30221FE6AF7003CA651 /* Font */ = {
			isa = PBXGroup;
			children = (
				261FE30321FE6B13003CA651 /* ArchitectsDaughter.ttf */,
			);
			path = Font;
			sourceTree = "<group>";
		};
		26765DDD2255A9BE00568435 /* Frameworks */ = {
			isa = PBXGroup;
			children = (
				26765DDE2255A9BE00568435 /* StoreKit.framework */,
			);
			name = Frameworks;
			sourceTree = "<group>";
		};
/* End PBXGroup section */

/* Begin PBXNativeTarget section */
		260163ED20364ACB0053FA5B /* 5e Spells */ = {
			isa = PBXNativeTarget;
			buildConfigurationList = 2601640020364ACB0053FA5B /* Build configuration list for PBXNativeTarget "5e Spells" */;
			buildPhases = (
				260163EA20364ACB0053FA5B /* Sources */,
				260163EB20364ACB0053FA5B /* Frameworks */,
				260163EC20364ACB0053FA5B /* Resources */,
			);
			buildRules = (
			);
			dependencies = (
			);
			name = "5e Spells";
			productName = "5e Spells";
			productReference = 260163EE20364ACB0053FA5B /* 5e Spells.app */;
			productType = "com.apple.product-type.application";
		};
/* End PBXNativeTarget section */

/* Begin PBXProject section */
		260163E620364ACB0053FA5B /* Project object */ = {
			isa = PBXProject;
			attributes = {
				LastSwiftUpdateCheck = 0920;
				LastUpgradeCheck = 1000;
				ORGANIZATIONNAME = "Mikael Olezeski";
				TargetAttributes = {
					260163ED20364ACB0053FA5B = {
						CreatedOnToolsVersion = 9.2;
						ProvisioningStyle = Automatic;
						SystemCapabilities = {
							com.apple.InAppPurchase = {
								enabled = 1;
							};
						};
					};
				};
			};
			buildConfigurationList = 260163E920364ACB0053FA5B /* Build configuration list for PBXProject "5e Spells" */;
			compatibilityVersion = "Xcode 8.0";
			developmentRegion = en;
			hasScannedForEncodings = 0;
			knownRegions = (
				en,
				Base,
			);
			mainGroup = 260163E520364ACB0053FA5B;
			productRefGroup = 260163EF20364ACB0053FA5B /* Products */;
			projectDirPath = "";
			projectRoot = "";
			targets = (
				260163ED20364ACB0053FA5B /* 5e Spells */,
			);
		};
/* End PBXProject section */

/* Begin PBXResourcesBuildPhase section */
		260163EC20364ACB0053FA5B /* Resources */ = {
			isa = PBXResourcesBuildPhase;
			buildActionMask = 2147483647;
			files = (
				260163FC20364ACB0053FA5B /* LaunchScreen.storyboard in Resources */,
				261FE30421FE6B13003CA651 /* ArchitectsDaughter.ttf in Resources */,
				260163F920364ACB0053FA5B /* Assets.xcassets in Resources */,
				2601640720364C410053FA5B /* spells.json in Resources */,
				260163F720364ACB0053FA5B /* Main.storyboard in Resources */,
			);
			runOnlyForDeploymentPostprocessing = 0;
		};
/* End PBXResourcesBuildPhase section */

/* Begin PBXSourcesBuildPhase section */
		260163EA20364ACB0053FA5B /* Sources */ = {
			isa = PBXSourcesBuildPhase;
			buildActionMask = 2147483647;
			files = (
				265B97C82263D39B00B8E4A4 /* SpellProducts.swift in Sources */,
				269C1ABC2047AA3A00412C7B /* SpellTableViewCell.swift in Sources */,
				269C1AB920462C4800412C7B /* AddCharacterViewController.swift in Sources */,
				2601640920364CBD0053FA5B /* SpellsTableViewController.swift in Sources */,
				2601640420364B060053FA5B /* ReadJSON.swift in Sources */,
				26765DE12255AAE100568435 /* IAPHelper.swift in Sources */,
				269C1AB720462B6400412C7B /* CharacterViewController.swift in Sources */,
				2601640B20364D240053FA5B /* Spell.swift in Sources */,
				26C30C1E204B1F2800A6E990 /* SpellTabBarController.swift in Sources */,
				2660BBF420F1769A00F15D7A /* FilterTableViewController.swift in Sources */,
				260163F220364ACB0053FA5B /* AppDelegate.swift in Sources */,
				26C30C1C204B001F00A6E990 /* Character.swift in Sources */,
				2660BBF620F301F900F15D7A /* FilterDetailTableViewController.swift in Sources */,
				26F0C363224DAE8100A5C5AA /* AppPurchaseViewController.swift in Sources */,
				2655044B2113AF6200F6C4EF /* Constants.swift in Sources */,
				265504492113A99100F6C4EF /* DesignOfViews.swift in Sources */,
				264A4F47203F985600E4BFBF /* SpellDetailViewController.swift in Sources */,
			);
			runOnlyForDeploymentPostprocessing = 0;
		};
/* End PBXSourcesBuildPhase section */

/* Begin PBXVariantGroup section */
		260163F520364ACB0053FA5B /* Main.storyboard */ = {
			isa = PBXVariantGroup;
			children = (
				260163F620364ACB0053FA5B /* Base */,
			);
			name = Main.storyboard;
			sourceTree = "<group>";
		};
		260163FA20364ACB0053FA5B /* LaunchScreen.storyboard */ = {
			isa = PBXVariantGroup;
			children = (
				260163FB20364ACB0053FA5B /* Base */,
			);
			name = LaunchScreen.storyboard;
			sourceTree = "<group>";
		};
/* End PBXVariantGroup section */

/* Begin XCBuildConfiguration section */
		260163FE20364ACB0053FA5B /* Debug */ = {
			isa = XCBuildConfiguration;
			buildSettings = {
				ALWAYS_SEARCH_USER_PATHS = NO;
				CLANG_ANALYZER_NONNULL = YES;
				CLANG_ANALYZER_NUMBER_OBJECT_CONVERSION = YES_AGGRESSIVE;
				CLANG_CXX_LANGUAGE_STANDARD = "gnu++14";
				CLANG_CXX_LIBRARY = "libc++";
				CLANG_ENABLE_MODULES = YES;
				CLANG_ENABLE_OBJC_ARC = YES;
				CLANG_WARN_BLOCK_CAPTURE_AUTORELEASING = YES;
				CLANG_WARN_BOOL_CONVERSION = YES;
				CLANG_WARN_COMMA = YES;
				CLANG_WARN_CONSTANT_CONVERSION = YES;
				CLANG_WARN_DEPRECATED_OBJC_IMPLEMENTATIONS = YES;
				CLANG_WARN_DIRECT_OBJC_ISA_USAGE = YES_ERROR;
				CLANG_WARN_DOCUMENTATION_COMMENTS = YES;
				CLANG_WARN_EMPTY_BODY = YES;
				CLANG_WARN_ENUM_CONVERSION = YES;
				CLANG_WARN_INFINITE_RECURSION = YES;
				CLANG_WARN_INT_CONVERSION = YES;
				CLANG_WARN_NON_LITERAL_NULL_CONVERSION = YES;
				CLANG_WARN_OBJC_IMPLICIT_RETAIN_SELF = YES;
				CLANG_WARN_OBJC_LITERAL_CONVERSION = YES;
				CLANG_WARN_OBJC_ROOT_CLASS = YES_ERROR;
				CLANG_WARN_RANGE_LOOP_ANALYSIS = YES;
				CLANG_WARN_STRICT_PROTOTYPES = YES;
				CLANG_WARN_SUSPICIOUS_MOVE = YES;
				CLANG_WARN_UNGUARDED_AVAILABILITY = YES_AGGRESSIVE;
				CLANG_WARN_UNREACHABLE_CODE = YES;
				CLANG_WARN__DUPLICATE_METHOD_MATCH = YES;
				CODE_SIGN_IDENTITY = "iPhone Developer";
				COPY_PHASE_STRIP = NO;
				DEBUG_INFORMATION_FORMAT = dwarf;
				ENABLE_STRICT_OBJC_MSGSEND = YES;
				ENABLE_TESTABILITY = YES;
				GCC_C_LANGUAGE_STANDARD = gnu11;
				GCC_DYNAMIC_NO_PIC = NO;
				GCC_NO_COMMON_BLOCKS = YES;
				GCC_OPTIMIZATION_LEVEL = 0;
				GCC_PREPROCESSOR_DEFINITIONS = (
					"DEBUG=1",
					"$(inherited)",
				);
				GCC_WARN_64_TO_32_BIT_CONVERSION = YES;
				GCC_WARN_ABOUT_RETURN_TYPE = YES_ERROR;
				GCC_WARN_UNDECLARED_SELECTOR = YES;
				GCC_WARN_UNINITIALIZED_AUTOS = YES_AGGRESSIVE;
				GCC_WARN_UNUSED_FUNCTION = YES;
				GCC_WARN_UNUSED_VARIABLE = YES;
				IPHONEOS_DEPLOYMENT_TARGET = 11.2;
				MTL_ENABLE_DEBUG_INFO = YES;
				ONLY_ACTIVE_ARCH = YES;
				SDKROOT = iphoneos;
				SWIFT_ACTIVE_COMPILATION_CONDITIONS = DEBUG;
				SWIFT_OPTIMIZATION_LEVEL = "-Onone";
			};
			name = Debug;
		};
		260163FF20364ACB0053FA5B /* Release */ = {
			isa = XCBuildConfiguration;
			buildSettings = {
				ALWAYS_SEARCH_USER_PATHS = NO;
				CLANG_ANALYZER_NONNULL = YES;
				CLANG_ANALYZER_NUMBER_OBJECT_CONVERSION = YES_AGGRESSIVE;
				CLANG_CXX_LANGUAGE_STANDARD = "gnu++14";
				CLANG_CXX_LIBRARY = "libc++";
				CLANG_ENABLE_MODULES = YES;
				CLANG_ENABLE_OBJC_ARC = YES;
				CLANG_WARN_BLOCK_CAPTURE_AUTORELEASING = YES;
				CLANG_WARN_BOOL_CONVERSION = YES;
				CLANG_WARN_COMMA = YES;
				CLANG_WARN_CONSTANT_CONVERSION = YES;
				CLANG_WARN_DEPRECATED_OBJC_IMPLEMENTATIONS = YES;
				CLANG_WARN_DIRECT_OBJC_ISA_USAGE = YES_ERROR;
				CLANG_WARN_DOCUMENTATION_COMMENTS = YES;
				CLANG_WARN_EMPTY_BODY = YES;
				CLANG_WARN_ENUM_CONVERSION = YES;
				CLANG_WARN_INFINITE_RECURSION = YES;
				CLANG_WARN_INT_CONVERSION = YES;
				CLANG_WARN_NON_LITERAL_NULL_CONVERSION = YES;
				CLANG_WARN_OBJC_IMPLICIT_RETAIN_SELF = YES;
				CLANG_WARN_OBJC_LITERAL_CONVERSION = YES;
				CLANG_WARN_OBJC_ROOT_CLASS = YES_ERROR;
				CLANG_WARN_RANGE_LOOP_ANALYSIS = YES;
				CLANG_WARN_STRICT_PROTOTYPES = YES;
				CLANG_WARN_SUSPICIOUS_MOVE = YES;
				CLANG_WARN_UNGUARDED_AVAILABILITY = YES_AGGRESSIVE;
				CLANG_WARN_UNREACHABLE_CODE = YES;
				CLANG_WARN__DUPLICATE_METHOD_MATCH = YES;
				CODE_SIGN_IDENTITY = "iPhone Developer";
				COPY_PHASE_STRIP = NO;
				DEBUG_INFORMATION_FORMAT = "dwarf-with-dsym";
				ENABLE_NS_ASSERTIONS = NO;
				ENABLE_STRICT_OBJC_MSGSEND = YES;
				GCC_C_LANGUAGE_STANDARD = gnu11;
				GCC_NO_COMMON_BLOCKS = YES;
				GCC_WARN_64_TO_32_BIT_CONVERSION = YES;
				GCC_WARN_ABOUT_RETURN_TYPE = YES_ERROR;
				GCC_WARN_UNDECLARED_SELECTOR = YES;
				GCC_WARN_UNINITIALIZED_AUTOS = YES_AGGRESSIVE;
				GCC_WARN_UNUSED_FUNCTION = YES;
				GCC_WARN_UNUSED_VARIABLE = YES;
				IPHONEOS_DEPLOYMENT_TARGET = 11.2;
				MTL_ENABLE_DEBUG_INFO = NO;
				SDKROOT = iphoneos;
				SWIFT_OPTIMIZATION_LEVEL = "-Owholemodule";
				VALIDATE_PRODUCT = YES;
			};
			name = Release;
		};
		2601640120364ACB0053FA5B /* Debug */ = {
			isa = XCBuildConfiguration;
			buildSettings = {
				ASSETCATALOG_COMPILER_APPICON_NAME = AppIcon;
				CODE_SIGN_IDENTITY = "iPhone Developer";
				CODE_SIGN_STYLE = Automatic;
				DEVELOPMENT_TEAM = 2YZ54TVF57;
				INFOPLIST_FILE = "5e Spells/Info.plist";
				IPHONEOS_DEPLOYMENT_TARGET = 12.1;
				LD_RUNPATH_SEARCH_PATHS = "$(inherited) @executable_path/Frameworks";
				PRODUCT_BUNDLE_IDENTIFIER = "zestyflav.-e-Spells";
				PRODUCT_NAME = "$(TARGET_NAME)";
				PROVISIONING_PROFILE_SPECIFIER = "";
				SWIFT_VERSION = 4.0;
				TARGETED_DEVICE_FAMILY = "1,2";
			};
			name = Debug;
		};
		2601640220364ACB0053FA5B /* Release */ = {
			isa = XCBuildConfiguration;
			buildSettings = {
				ASSETCATALOG_COMPILER_APPICON_NAME = AppIcon;
				CODE_SIGN_IDENTITY = "iPhone Developer";
				CODE_SIGN_STYLE = Automatic;
				DEVELOPMENT_TEAM = 2YZ54TVF57;
				INFOPLIST_FILE = "5e Spells/Info.plist";
				IPHONEOS_DEPLOYMENT_TARGET = 12.1;
				LD_RUNPATH_SEARCH_PATHS = "$(inherited) @executable_path/Frameworks";
				PRODUCT_BUNDLE_IDENTIFIER = "zestyflav.-e-Spells";
				PRODUCT_NAME = "$(TARGET_NAME)";
				PROVISIONING_PROFILE_SPECIFIER = "";
				SWIFT_VERSION = 4.0;
				TARGETED_DEVICE_FAMILY = "1,2";
			};
			name = Release;
		};
/* End XCBuildConfiguration section */

/* Begin XCConfigurationList section */
		260163E920364ACB0053FA5B /* Build configuration list for PBXProject "5e Spells" */ = {
			isa = XCConfigurationList;
			buildConfigurations = (
				260163FE20364ACB0053FA5B /* Debug */,
				260163FF20364ACB0053FA5B /* Release */,
			);
			defaultConfigurationIsVisible = 0;
			defaultConfigurationName = Release;
		};
		2601640020364ACB0053FA5B /* Build configuration list for PBXNativeTarget "5e Spells" */ = {
			isa = XCConfigurationList;
			buildConfigurations = (
				2601640120364ACB0053FA5B /* Debug */,
				2601640220364ACB0053FA5B /* Release */,
			);
			defaultConfigurationIsVisible = 0;
			defaultConfigurationName = Release;
		};
/* End XCConfigurationList section */
	};
	rootObject = 260163E620364ACB0053FA5B /* Project object */;
}
